hash: c45e99daa5125bb488a17bdab27cccffdc19e3b3270cb70236c22cb9917d344d
updated: 2017-08-27T23:26:20.061071223-04:00
imports:
- name: github.com/prometheus/client_golang
  version: c5b7fccd204277076155f10851dad72b76a49317
- name: gopkg.in/routeros.v2
  version: ffdb88bba0376a797b733f2279f539340926617f
testImports: []
